
Microsoft Visual Studio Solution File, Format Version 12.00
# Visual Studio Version 17
VisualStudioVersion = 17.5.33424.131
MinimumVisualStudioVersion = 10.0.40219.1
Project("{FAE04EC0-301F-11D3-BF4B-00C04F79EFBC}") = "Prova_3Bimestre", "Prova_3Bimestre\Prova_3Bimestre.csproj", "{0FF36FC4-E51F-4682-BB6A-EF95725D1B9A}"
EndProject
Global
	GlobalSection(SolutionConfigurationPlatforms) = preSolution
		Debug|Any CPU = Debug|Any CPU
		Release|Any CPU = Release|Any CPU
	EndGlobalSection
	GlobalSection(ProjectConfigurationPlatforms) = postSolution
		{0FF36FC4-E51F-4682-BB6A-EF95725D1B9A}.Debug|Any CPU.ActiveCfg = Debug|Any CPU
		{0FF36FC4-E51F-4682-BB6A-EF95725D1B9A}.Debug|Any CPU.Build.0 = Debug|Any CPU
		{0FF36FC4-E51F-4682-BB6A-EF95725D1B9A}.Release|Any CPU.ActiveCfg = Release|Any CPU
		{0FF36FC4-E51F-4682-BB6A-EF95725D1B9A}.Release|Any CPU.Build.0 = Release|Any CPU
	EndGlobalSection
	GlobalSection(SolutionProperties) = preSolution
		HideSolutionNode = FALSE
	EndGlobalSection
	GlobalSection(ExtensibilityGlobals) = postSolution
		SolutionGuid = {E9D344D7-4347-40C1-A6F0-A04C1C7A18D7}
	EndGlobalSection
EndGlobal
